// !$*UTF8*$!
{
	archiveVersion = 1;
	classes = {
	};
	objectVersion = 50;
	objects = {

/* Begin PBXBuildFile section */
		3E2A6057240F45FC0087BD92 /* AppDelegate.swift in Sources */ = {isa = PBXBuildFile; fileRef = 3E2A6056240F45FC0087BD92 /* AppDelegate.swift */; };
		3E2A6059240F45FC0087BD92 /* SceneDelegate.swift in Sources */ = {isa = PBXBuildFile; fileRef = 3E2A6058240F45FC0087BD92 /* SceneDelegate.swift */; };
		3E2A605B240F45FC0087BD92 /* ViewController.swift in Sources */ = {isa = PBXBuildFile; fileRef = 3E2A605A240F45FC0087BD92 /* ViewController.swift */; };
		3E2A605E240F45FC0087BD92 /* Main.storyboard in Resources */ = {isa = PBXBuildFile; fileRef = 3E2A605C240F45FC0087BD92 /* Main.storyboard */; };
		3E2A6060240F45FD0087BD92 /* Assets.xcassets in Resources */ = {isa = PBXBuildFile; fileRef = 3E2A605F240F45FD0087BD92 /* Assets.xcassets */; };
		3E2A6063240F45FD0087BD92 /* LaunchScreen.storyboard in Resources */ = {isa = PBXBuildFile; fileRef = 3E2A6061240F45FD0087BD92 /* LaunchScreen.storyboard */; };
		3EABBE3324408E4300466AA5 /* cobatambahstoryboard.storyboard in Resources */ = {isa = PBXBuildFile; fileRef = 3EABBE3224408E4300466AA5 /* cobatambahstoryboard.storyboard */; };
		CAF54BBF24408C10009836A6 /* isengiseng.swift in Sources */ = {isa = PBXBuildFile; fileRef = CAF54BBE24408C10009836A6 /* isengiseng.swift */; };
		E62DED1624408AF50034D701 /* NewFile.swift in Sources */ = {isa = PBXBuildFile; fileRef = E62DED1524408AF50034D701 /* NewFile.swift */; };
/* End PBXBuildFile section */

/* Begin PBXFileReference section */
		3E2A6053240F45FC0087BD92 /* UI Recreate.app */ = {isa = PBXFileReference; explicitFileType = wrapper.application; includeInIndex = 0; path = "UI Recreate.app"; sourceTree = BUILT_PRODUCTS_DIR; };
		3E2A6056240F45FC0087BD92 /* AppDelegate.swift */ = {isa = PBXFileReference; lastKnownFileType = sourcecode.swift; path = AppDelegate.swift; sourceTree = "<group>"; };
		3E2A6058240F45FC0087BD92 /* SceneDelegate.swift */ = {isa = PBXFileReference; lastKnownFileType = sourcecode.swift; path = SceneDelegate.swift; sourceTree = "<group>"; };
		3E2A605A240F45FC0087BD92 /* ViewController.swift */ = {isa = PBXFileReference; lastKnownFileType = sourcecode.swift; path = ViewController.swift; sourceTree = "<group>"; };
		3E2A605D240F45FC0087BD92 /* Base */ = {isa = PBXFileReference; lastKnownFileType = file.storyboard; name = Base; path = Base.lproj/Main.storyboard; sourceTree = "<group>"; };
		3E2A605F240F45FD0087BD92 /* Assets.xcassets */ = {isa = PBXFileReference; lastKnownFileType = folder.assetcatalog; path = Assets.xcassets; sourceTree = "<group>"; };
		3E2A6062240F45FD0087BD92 /* Base */ = {isa = PBXFileReference; lastKnownFileType = file.storyboard; name = Base; path = Base.lproj/LaunchScreen.storyboard; sourceTree = "<group>"; };
		3E2A6064240F45FD0087BD92 /* Info.plist */ = {isa = PBXFileReference; lastKnownFileType = text.plist.xml; path = Info.plist; sourceTree = "<group>"; };
		3EABBE3224408E4300466AA5 /* cobatambahstoryboard.storyboard */ = {isa = PBXFileReference; lastKnownFileType = file.storyboard; path = cobatambahstoryboard.storyboard; sourceTree = "<group>"; };
		CAF54BBE24408C10009836A6 /* isengiseng.swift */ = {isa = PBXFileReference; lastKnownFileType = sourcecode.swift; path = isengiseng.swift; sourceTree = "<group>"; };
		E62DED1524408AF50034D701 /* NewFile.swift */ = {isa = PBXFileReference; lastKnownFileType = sourcecode.swift; path = NewFile.swift; sourceTree = "<group>"; };
/* End PBXFileReference section */

/* Begin PBXFrameworksBuildPhase section */
		3E2A6050240F45FC0087BD92 /* Frameworks */ = {
			isa = PBXFrameworksBuildPhase;
			buildActionMask = 2147483647;
			files = (
			);
			runOnlyForDeploymentPostprocessing = 0;
		};
/* End PBXFrameworksBuildPhase section */

/* Begin PBXGroup section */
		3E2A604A240F45FC0087BD92 = {
			isa = PBXGroup;
			children = (
				3E2A6055240F45FC0087BD92 /* UI Recreate */,
				3E2A6054240F45FC0087BD92 /* Products */,
			);
			sourceTree = "<group>";
		};
		3E2A6054240F45FC0087BD92 /* Products */ = {
			isa = PBXGroup;
			children = (
				3E2A6053240F45FC0087BD92 /* UI Recreate.app */,
			);
			name = Products;
			sourceTree = "<group>";
		};
		3E2A6055240F45FC0087BD92 /* UI Recreate */ = {
			isa = PBXGroup;
			children = (
				3E2A6056240F45FC0087BD92 /* AppDelegate.swift */,
				3E2A6058240F45FC0087BD92 /* SceneDelegate.swift */,
				3E2A605A240F45FC0087BD92 /* ViewController.swift */,
				E62DED1524408AF50034D701 /* NewFile.swift */,
				3EABBE3224408E4300466AA5 /* cobatambahstoryboard.storyboard */,
				CAF54BBE24408C10009836A6 /* isengiseng.swift */,
				3E2A605C240F45FC0087BD92 /* Main.storyboard */,
				3E2A605F240F45FD0087BD92 /* Assets.xcassets */,
				3E2A6061240F45FD0087BD92 /* LaunchScreen.storyboard */,
				3E2A6064240F45FD0087BD92 /* Info.plist */,
			);
			path = "UI Recreate";
			sourceTree = "<group>";
		};
/* End PBXGroup section */

/* Begin PBXNativeTarget section */
		3E2A6052240F45FC0087BD92 /* UI Recreate */ = {
			isa = PBXNativeTarget;
			buildConfigurationList = 3E2A6067240F45FD0087BD92 /* Build configuration list for PBXNativeTarget "UI Recreate" */;
			buildPhases = (
				3E2A604F240F45FC0087BD92 /* Sources */,
				3E2A6050240F45FC0087BD92 /* Frameworks */,
				3E2A6051240F45FC0087BD92 /* Resources */,
			);
			buildRules = (
			);
			dependencies = (
			);
			name = "UI Recreate";
			productName = "UI Recreate";
			productReference = 3E2A6053240F45FC0087BD92 /* UI Recreate.app */;
			productType = "com.apple.product-type.application";
		};
/* End PBXNativeTarget section */

/* Begin PBXProject section */
		3E2A604B240F45FC0087BD92 /* Project object */ = {
			isa = PBXProject;
			attributes = {
				LastSwiftUpdateCheck = 1130;
				LastUpgradeCheck = 1130;
				ORGANIZATIONNAME = "Zhafira Millenia";
				TargetAttributes = {
					3E2A6052240F45FC0087BD92 = {
						CreatedOnToolsVersion = 11.3.1;
					};
				};
			};
			buildConfigurationList = 3E2A604E240F45FC0087BD92 /* Build configuration list for PBXProject "UI Recreate" */;
			compatibilityVersion = "Xcode 9.3";
			developmentRegion = en;
			hasScannedForEncodings = 0;
			knownRegions = (
				en,
				Base,
			);
			mainGroup = 3E2A604A240F45FC0087BD92;
			productRefGroup = 3E2A6054240F45FC0087BD92 /* Products */;
			projectDirPath = "";
			projectRoot = "";
			targets = (
				3E2A6052240F45FC0087BD92 /* UI Recreate */,
			);
		};
/* End PBXProject section */

/* Begin PBXResourcesBuildPhase section */
		3E2A6051240F45FC0087BD92 /* Resources */ = {
			isa = PBXResourcesBuildPhase;
			buildActionMask = 2147483647;
			files = (
				3E2A6063240F45FD0087BD92 /* LaunchScreen.storyboard in Resources */,
				3EABBE3324408E4300466AA5 /* cobatambahstoryboard.storyboard in Resources */,
				3E2A6060240F45FD0087BD92 /* Assets.xcassets in Resources */,
				3E2A605E240F45FC0087BD92 /* Main.storyboard in Resources */,
			);
			runOnlyForDeploymentPostprocessing = 0;
		};
/* End PBXResourcesBuildPhase section */

/* Begin PBXSourcesBuildPhase section */
		3E2A604F240F45FC0087BD92 /* Sources */ = {
			isa = PBXSourcesBuildPhase;
			buildActionMask = 2147483647;
			files = (
				3E2A605B240F45FC0087BD92 /* ViewController.swift in Sources */,
				3E2A6057240F45FC0087BD92 /* AppDelegate.swift in Sources */,
				E62DED1624408AF50034D701 /* NewFile.swift in Sources */,
				3E2A6059240F45FC0087BD92 /* SceneDelegate.swift in Sources */,
				CAF54BBF24408C10009836A6 /* isengiseng.swift in Sources */,
			);
			runOnlyForDeploymentPostprocessing = 0;
		};
/* End PBXSourcesBuildPhase section */

/* Begin PBXVariantGroup section */
		3E2A605C240F45FC0087BD92 /* Main.storyboard */ = {
			isa = PBXVariantGroup;
			children = (
				3E2A605D240F45FC0087BD92 /* Base */,
			);
			name = Main.storyboard;
			sourceTree = "<group>";
		};
		3E2A6061240F45FD0087BD92 /* LaunchScreen.storyboard */ = {
			isa = PBXVariantGroup;
			children = (
				3E2A6062240F45FD0087BD92 /* Base */,
			);
			name = LaunchScreen.storyboard;
			sourceTree = "<group>";
		};
/* End PBXVariantGroup section */

/* Begin XCBuildConfiguration section */
		3E2A6065240F45FD0087BD92 /* Debug */ = {
			isa = XCBuildConfiguration;
			buildSettings = {
				ALWAYS_SEARCH_USER_PATHS = NO;
				CLANG_ANALYZER_NONNULL = YES;
				CLANG_ANALYZER_NUMBER_OBJECT_CONVERSION = YES_AGGRESSIVE;
				CLANG_CXX_LANGUAGE_STANDARD = "gnu++14";
				CLANG_CXX_LIBRARY = "libc++";
				CLANG_ENABLE_MODULES = YES;
				CLANG_ENABLE_OBJC_ARC = YES;
				CLANG_ENABLE_OBJC_WEAK = YES;
				CLANG_WARN_BLOCK_CAPTURE_AUTORELEASING = YES;
				CLANG_WARN_BOOL_CONVERSION = YES;
				CLANG_WARN_COMMA = YES;
				CLANG_WARN_CONSTANT_CONVERSION = YES;
				CLANG_WARN_DEPRECATED_OBJC_IMPLEMENTATIONS = YES;
				CLANG_WARN_DIRECT_OBJC_ISA_USAGE = YES_ERROR;
				CLANG_WARN_DOCUMENTATION_COMMENTS = YES;
				CLANG_WARN_EMPTY_BODY = YES;
				CLANG_WARN_ENUM_CONVERSION = YES;
				CLANG_WARN_INFINITE_RECURSION = YES;
				CLANG_WARN_INT_CONVERSION = YES;
				CLANG_WARN_NON_LITERAL_NULL_CONVERSION = YES;
				CLANG_WARN_OBJC_IMPLICIT_RETAIN_SELF = YES;
				CLANG_WARN_OBJC_LITERAL_CONVERSION = YES;
				CLANG_WARN_OBJC_ROOT_CLASS = YES_ERROR;
				CLANG_WARN_RANGE_LOOP_ANALYSIS = YES;
				CLANG_WARN_STRICT_PROTOTYPES = YES;
				CLANG_WARN_SUSPICIOUS_MOVE = YES;
				CLANG_WARN_UNGUARDED_AVAILABILITY = YES_AGGRESSIVE;
				CLANG_WARN_UNREACHABLE_CODE = YES;
				CLANG_WARN__DUPLICATE_METHOD_MATCH = YES;
				COPY_PHASE_STRIP = NO;
				DEBUG_INFORMATION_FORMAT = dwarf;
				ENABLE_STRICT_OBJC_MSGSEND = YES;
				ENABLE_TESTABILITY = YES;
				GCC_C_LANGUAGE_STANDARD = gnu11;
				GCC_DYNAMIC_NO_PIC = NO;
				GCC_NO_COMMON_BLOCKS = YES;
				GCC_OPTIMIZATION_LEVEL = 0;
				GCC_PREPROCESSOR_DEFINITIONS = (
					"DEBUG=1",
					"$(inherited)",
				);
				GCC_WARN_64_TO_32_BIT_CONVERSION = YES;
				GCC_WARN_ABOUT_RETURN_TYPE = YES_ERROR;
				GCC_WARN_UNDECLARED_SELECTOR = YES;
				GCC_WARN_UNINITIALIZED_AUTOS = YES_AGGRESSIVE;
				GCC_WARN_UNUSED_FUNCTION = YES;
				GCC_WARN_UNUSED_VARIABLE = YES;
				IPHONEOS_DEPLOYMENT_TARGET = 13.2;
				MTL_ENABLE_DEBUG_INFO = INCLUDE_SOURCE;
				MTL_FAST_MATH = YES;
				ONLY_ACTIVE_ARCH = YES;
				SDKROOT = iphoneos;
				SWIFT_ACTIVE_COMPILATION_CONDITIONS = DEBUG;
				SWIFT_OPTIMIZATION_LEVEL = "-Onone";
			};
			name = Debug;
		};
		3E2A6066240F45FD0087BD92 /* Release */ = {
			isa = XCBuildConfiguration;
			buildSettings = {
				ALWAYS_SEARCH_USER_PATHS = NO;
				CLANG_ANALYZER_NONNULL = YES;
				CLANG_ANALYZER_NUMBER_OBJECT_CONVERSION = YES_AGGRESSIVE;
				CLANG_CXX_LANGUAGE_STANDARD = "gnu++14";
				CLANG_CXX_LIBRARY = "libc++";
				CLANG_ENABLE_MODULES = YES;
				CLANG_ENABLE_OBJC_ARC = YES;
				CLANG_ENABLE_OBJC_WEAK = YES;
				CLANG_WARN_BLOCK_CAPTURE_AUTORELEASING = YES;
				CLANG_WARN_BOOL_CONVERSION = YES;
				CLANG_WARN_COMMA = YES;
				CLANG_WARN_CONSTANT_CONVERSION = YES;
				CLANG_WARN_DEPRECATED_OBJC_IMPLEMENTATIONS = YES;
				CLANG_WARN_DIRECT_OBJC_ISA_USAGE = YES_ERROR;
				CLANG_WARN_DOCUMENTATION_COMMENTS = YES;
				CLANG_WARN_EMPTY_BODY = YES;
				CLANG_WARN_ENUM_CONVERSION = YES;
				CLANG_WARN_INFINITE_RECURSION = YES;
				CLANG_WARN_INT_CONVERSION = YES;
				CLANG_WARN_NON_LITERAL_NULL_CONVERSION = YES;
				CLANG_WARN_OBJC_IMPLICIT_RETAIN_SELF = YES;
				CLANG_WARN_OBJC_LITERAL_CONVERSION = YES;
				CLANG_WARN_OBJC_ROOT_CLASS = YES_ERROR;
				CLANG_WARN_RANGE_LOOP_ANALYSIS = YES;
				CLANG_WARN_STRICT_PROTOTYPES = YES;
				CLANG_WARN_SUSPICIOUS_MOVE = YES;
				CLANG_WARN_UNGUARDED_AVAILABILITY = YES_AGGRESSIVE;
				CLANG_WARN_UNREACHABLE_CODE = YES;
				CLANG_WARN__DUPLICATE_METHOD_MATCH = YES;
				COPY_PHASE_STRIP = NO;
				DEBUG_INFORMATION_FORMAT = "dwarf-with-dsym";
				ENABLE_NS_ASSERTIONS = NO;
				ENABLE_STRICT_OBJC_MSGSEND = YES;
				GCC_C_LANGUAGE_STANDARD = gnu11;
				GCC_NO_COMMON_BLOCKS = YES;
				GCC_WARN_64_TO_32_BIT_CONVERSION = YES;
				GCC_WARN_ABOUT_RETURN_TYPE = YES_ERROR;
				GCC_WARN_UNDECLARED_SELECTOR = YES;
				GCC_WARN_UNINITIALIZED_AUTOS = YES_AGGRESSIVE;
				GCC_WARN_UNUSED_FUNCTION = YES;
				GCC_WARN_UNUSED_VARIABLE = YES;
				IPHONEOS_DEPLOYMENT_TARGET = 13.2;
				MTL_ENABLE_DEBUG_INFO = NO;
				MTL_FAST_MATH = YES;
				SDKROOT = iphoneos;
				SWIFT_COMPILATION_MODE = wholemodule;
				SWIFT_OPTIMIZATION_LEVEL = "-O";
				VALIDATE_PRODUCT = YES;
			};
			name = Release;
		};
		3E2A6068240F45FD0087BD92 /* Debug */ = {
			isa = XCBuildConfiguration;
			buildSettings = {
				ASSETCATALOG_COMPILER_APPICON_NAME = AppIcon;
				CODE_SIGN_STYLE = Automatic;
				INFOPLIST_FILE = "UI Recreate/Info.plist";
				LD_RUNPATH_SEARCH_PATHS = (
					"$(inherited)",
					"@executable_path/Frameworks",
				);
				PRODUCT_BUNDLE_IDENTIFIER = "AppleDeveloperAcademyBinus.UI-Recreate";
				PRODUCT_NAME = "$(TARGET_NAME)";
				SWIFT_VERSION = 5.0;
				TARGETED_DEVICE_FAMILY = "1,2";
			};
			name = Debug;
		};
		3E2A6069240F45FD0087BD92 /* Release */ = {
			isa = XCBuildConfiguration;
			buildSettings = {
				ASSETCATALOG_COMPILER_APPICON_NAME = AppIcon;
				CODE_SIGN_STYLE = Automatic;
				INFOPLIST_FILE = "UI Recreate/Info.plist";
				LD_RUNPATH_SEARCH_PATHS = (
					"$(inherited)",
					"@executable_path/Frameworks",
				);
				PRODUCT_BUNDLE_IDENTIFIER = "AppleDeveloperAcademyBinus.UI-Recreate";
				PRODUCT_NAME = "$(TARGET_NAME)";
				SWIFT_VERSION = 5.0;
				TARGETED_DEVICE_FAMILY = "1,2";
			};
			name = Release;
		};
/* End XCBuildConfiguration section */

/* Begin XCConfigurationList section */
		3E2A604E240F45FC0087BD92 /* Build configuration list for PBXProject "UI Recreate" */ = {
			isa = XCConfigurationList;
			buildConfigurations = (
				3E2A6065240F45FD0087BD92 /* Debug */,
				3E2A6066240F45FD0087BD92 /* Release */,
			);
			defaultConfigurationIsVisible = 0;
			defaultConfigurationName = Release;
		};
		3E2A6067240F45FD0087BD92 /* Build configuration list for PBXNativeTarget "UI Recreate" */ = {
			isa = XCConfigurationList;
			buildConfigurations = (
				3E2A6068240F45FD0087BD92 /* Debug */,
				3E2A6069240F45FD0087BD92 /* Release */,
			);
			defaultConfigurationIsVisible = 0;
			defaultConfigurationName = Release;
		};
/* End XCConfigurationList section */
	};
	rootObject = 3E2A604B240F45FC0087BD92 /* Project object */;
}
